// !$*UTF8*$!
{
	archiveVersion = 1;
	classes = {
	};
	objectVersion = 52;
	objects = {

/* Begin PBXBuildFile section */
		110B0D23272434DF002D703E /* Realm in Frameworks */ = {isa = PBXBuildFile; productRef = 110B0D22272434DF002D703E /* Realm */; };
		110B0D25272434DF002D703E /* RealmSwift in Frameworks */ = {isa = PBXBuildFile; productRef = 110B0D24272434DF002D703E /* RealmSwift */; };
		A27103312721DE610023E11A /* AppDelegate.swift in Sources */ = {isa = PBXBuildFile; fileRef = A27103302721DE610023E11A /* AppDelegate.swift */; };
		A27103332721DE610023E11A /* SceneDelegate.swift in Sources */ = {isa = PBXBuildFile; fileRef = A27103322721DE610023E11A /* SceneDelegate.swift */; };
		A27103352721DE610023E11A /* ViewController.swift in Sources */ = {isa = PBXBuildFile; fileRef = A27103342721DE610023E11A /* ViewController.swift */; };
		A27103382721DE610023E11A /* Main.storyboard in Resources */ = {isa = PBXBuildFile; fileRef = A27103362721DE610023E11A /* Main.storyboard */; };
		A271033A2721DE6B0023E11A /* Assets.xcassets in Resources */ = {isa = PBXBuildFile; fileRef = A27103392721DE6B0023E11A /* Assets.xcassets */; };
		A271033D2721DE6B0023E11A /* LaunchScreen.storyboard in Resources */ = {isa = PBXBuildFile; fileRef = A271033B2721DE6B0023E11A /* LaunchScreen.storyboard */; };
		A27103462721DF770023E11A /* City.swift in Sources */ = {isa = PBXBuildFile; fileRef = A27103452721DF770023E11A /* City.swift */; };
		A271034D2721E2E90023E11A /* CityCell.swift in Sources */ = {isa = PBXBuildFile; fileRef = A271034C2721E2E90023E11A /* CityCell.swift */; };
/* End PBXBuildFile section */

/* Begin PBXFileReference section */
		A271032D2721DE610023E11A /* RealmTest.app */ = {isa = PBXFileReference; explicitFileType = wrapper.application; includeInIndex = 0; path = RealmTest.app; sourceTree = BUILT_PRODUCTS_DIR; };
		A27103302721DE610023E11A /* AppDelegate.swift */ = {isa = PBXFileReference; lastKnownFileType = sourcecode.swift; path = AppDelegate.swift; sourceTree = "<group>"; };
		A27103322721DE610023E11A /* SceneDelegate.swift */ = {isa = PBXFileReference; lastKnownFileType = sourcecode.swift; path = SceneDelegate.swift; sourceTree = "<group>"; };
		A27103342721DE610023E11A /* ViewController.swift */ = {isa = PBXFileReference; lastKnownFileType = sourcecode.swift; path = ViewController.swift; sourceTree = "<group>"; };
		A27103372721DE610023E11A /* Base */ = {isa = PBXFileReference; lastKnownFileType = file.storyboard; name = Base; path = Base.lproj/Main.storyboard; sourceTree = "<group>"; };
		A27103392721DE6B0023E11A /* Assets.xcassets */ = {isa = PBXFileReference; lastKnownFileType = folder.assetcatalog; path = Assets.xcassets; sourceTree = "<group>"; };
		A271033C2721DE6B0023E11A /* Base */ = {isa = PBXFileReference; lastKnownFileType = file.storyboard; name = Base; path = Base.lproj/LaunchScreen.storyboard; sourceTree = "<group>"; };
		A271033E2721DE6B0023E11A /* Info.plist */ = {isa = PBXFileReference; lastKnownFileType = text.plist.xml; path = Info.plist; sourceTree = "<group>"; };
		A27103452721DF770023E11A /* City.swift */ = {isa = PBXFileReference; lastKnownFileType = sourcecode.swift; path = City.swift; sourceTree = "<group>"; };
		A271034C2721E2E90023E11A /* CityCell.swift */ = {isa = PBXFileReference; lastKnownFileType = sourcecode.swift; path = CityCell.swift; sourceTree = "<group>"; };
/* End PBXFileReference section */

/* Begin PBXFrameworksBuildPhase section */
		A271032A2721DE610023E11A /* Frameworks */ = {
			isa = PBXFrameworksBuildPhase;
			buildActionMask = 2147483647;
			files = (
				110B0D25272434DF002D703E /* RealmSwift in Frameworks */,
				110B0D23272434DF002D703E /* Realm in Frameworks */,
			);
			runOnlyForDeploymentPostprocessing = 0;
		};
/* End PBXFrameworksBuildPhase section */

/* Begin PBXGroup section */
		A27103242721DE610023E11A = {
			isa = PBXGroup;
			children = (
				A271032F2721DE610023E11A /* RealmTest */,
				A271032E2721DE610023E11A /* Products */,
			);
			sourceTree = "<group>";
		};
		A271032E2721DE610023E11A /* Products */ = {
			isa = PBXGroup;
			children = (
				A271032D2721DE610023E11A /* RealmTest.app */,
			);
			name = Products;
			sourceTree = "<group>";
		};
		A271032F2721DE610023E11A /* RealmTest */ = {
			isa = PBXGroup;
			children = (
				A27103302721DE610023E11A /* AppDelegate.swift */,
				A27103322721DE610023E11A /* SceneDelegate.swift */,
				A27103452721DF770023E11A /* City.swift */,
				A27103342721DE610023E11A /* ViewController.swift */,
				A271034C2721E2E90023E11A /* CityCell.swift */,
				A27103362721DE610023E11A /* Main.storyboard */,
				A27103392721DE6B0023E11A /* Assets.xcassets */,
				A271033B2721DE6B0023E11A /* LaunchScreen.storyboard */,
				A271033E2721DE6B0023E11A /* Info.plist */,
			);
			path = RealmTest;
			sourceTree = "<group>";
		};
/* End PBXGroup section */

/* Begin PBXNativeTarget section */
		A271032C2721DE610023E11A /* RealmTest */ = {
			isa = PBXNativeTarget;
			buildConfigurationList = A27103412721DE6B0023E11A /* Build configuration list for PBXNativeTarget "RealmTest" */;
			buildPhases = (
				A27103292721DE610023E11A /* Sources */,
				A271032A2721DE610023E11A /* Frameworks */,
				A271032B2721DE610023E11A /* Resources */,
			);
			buildRules = (
			);
			dependencies = (
			);
			name = RealmTest;
			packageProductDependencies = (
				110B0D22272434DF002D703E /* Realm */,
				110B0D24272434DF002D703E /* RealmSwift */,
			);
			productName = RealmTest;
			productReference = A271032D2721DE610023E11A /* RealmTest.app */;
			productType = "com.apple.product-type.application";
		};
/* End PBXNativeTarget section */

/* Begin PBXProject section */
		A27103252721DE610023E11A /* Project object */ = {
			isa = PBXProject;
			attributes = {
				LastSwiftUpdateCheck = 1240;
				LastUpgradeCheck = 1240;
				TargetAttributes = {
					A271032C2721DE610023E11A = {
						CreatedOnToolsVersion = 12.4;
					};
				};
			};
			buildConfigurationList = A27103282721DE610023E11A /* Build configuration list for PBXProject "RealmTest" */;
			compatibilityVersion = "Xcode 9.3";
			developmentRegion = en;
			hasScannedForEncodings = 0;
			knownRegions = (
				en,
				Base,
			);
			mainGroup = A27103242721DE610023E11A;
			packageReferences = (
				110B0D21272434DF002D703E /* XCRemoteSwiftPackageReference "realm-cocoa" */,
			);
			productRefGroup = A271032E2721DE610023E11A /* Products */;
			projectDirPath = "";
			projectRoot = "";
			targets = (
				A271032C2721DE610023E11A /* RealmTest */,
			);
		};
/* End PBXProject section */

/* Begin PBXResourcesBuildPhase section */
		A271032B2721DE610023E11A /* Resources */ = {
			isa = PBXResourcesBuildPhase;
			buildActionMask = 2147483647;
			files = (
				A271033D2721DE6B0023E11A /* LaunchScreen.storyboard in Resources */,
				A271033A2721DE6B0023E11A /* Assets.xcassets in Resources */,
				A27103382721DE610023E11A /* Main.storyboard in Resources */,
			);
			runOnlyForDeploymentPostprocessing = 0;
		};
/* End PBXResourcesBuildPhase section */

/* Begin PBXSourcesBuildPhase section */
		A27103292721DE610023E11A /* Sources */ = {
			isa = PBXSourcesBuildPhase;
			buildActionMask = 2147483647;
			files = (
				A27103352721DE610023E11A /* ViewController.swift in Sources */,
				A27103312721DE610023E11A /* AppDelegate.swift in Sources */,
				A271034D2721E2E90023E11A /* CityCell.swift in Sources */,
				A27103462721DF770023E11A /* City.swift in Sources */,
				A27103332721DE610023E11A /* SceneDelegate.swift in Sources */,
			);
			runOnlyForDeploymentPostprocessing = 0;
		};
/* End PBXSourcesBuildPhase section */

/* Begin PBXVariantGroup section */
		A27103362721DE610023E11A /* Main.storyboard */ = {
			isa = PBXVariantGroup;
			children = (
				A27103372721DE610023E11A /* Base */,
			);
			name = Main.storyboard;
			sourceTree = "<group>";
		};
		A271033B2721DE6B0023E11A /* LaunchScreen.storyboard */ = {
			isa = PBXVariantGroup;
			children = (
				A271033C2721DE6B0023E11A /* Base */,
			);
			name = LaunchScreen.storyboard;
			sourceTree = "<group>";
		};
/* End PBXVariantGroup section */

/* Begin XCBuildConfiguration section */
		A271033F2721DE6B0023E11A /* Debug */ = {
			isa = XCBuildConfiguration;
			buildSettings = {
				ALWAYS_SEARCH_USER_PATHS = NO;
				CLANG_ANALYZER_NONNULL = YES;
				CLANG_ANALYZER_NUMBER_OBJECT_CONVERSION = YES_AGGRESSIVE;
				CLANG_CXX_LANGUAGE_STANDARD = "gnu++14";
				CLANG_CXX_LIBRARY = "libc++";
				CLANG_ENABLE_MODULES = YES;
				CLANG_ENABLE_OBJC_ARC = YES;
				CLANG_ENABLE_OBJC_WEAK = YES;
				CLANG_WARN_BLOCK_CAPTURE_AUTORELEASING = YES;
				CLANG_WARN_BOOL_CONVERSION = YES;
				CLANG_WARN_COMMA = YES;
				CLANG_WARN_CONSTANT_CONVERSION = YES;
				CLANG_WARN_DEPRECATED_OBJC_IMPLEMENTATIONS = YES;
				CLANG_WARN_DIRECT_OBJC_ISA_USAGE = YES_ERROR;
				CLANG_WARN_DOCUMENTATION_COMMENTS = YES;
				CLANG_WARN_EMPTY_BODY = YES;
				CLANG_WARN_ENUM_CONVERSION = YES;
				CLANG_WARN_INFINITE_RECURSION = YES;
				CLANG_WARN_INT_CONVERSION = YES;
				CLANG_WARN_NON_LITERAL_NULL_CONVERSION = YES;
				CLANG_WARN_OBJC_IMPLICIT_RETAIN_SELF = YES;
				CLANG_WARN_OBJC_LITERAL_CONVERSION = YES;
				CLANG_WARN_OBJC_ROOT_CLASS = YES_ERROR;
				CLANG_WARN_QUOTED_INCLUDE_IN_FRAMEWORK_HEADER = YES;
				CLANG_WARN_RANGE_LOOP_ANALYSIS = YES;
				CLANG_WARN_STRICT_PROTOTYPES = YES;
				CLANG_WARN_SUSPICIOUS_MOVE = YES;
				CLANG_WARN_UNGUARDED_AVAILABILITY = YES_AGGRESSIVE;
				CLANG_WARN_UNREACHABLE_CODE = YES;
				CLANG_WARN__DUPLICATE_METHOD_MATCH = YES;
				COPY_PHASE_STRIP = NO;
				DEBUG_INFORMATION_FORMAT = dwarf;
				ENABLE_STRICT_OBJC_MSGSEND = YES;
				ENABLE_TESTABILITY = YES;
				GCC_C_LANGUAGE_STANDARD = gnu11;
				GCC_DYNAMIC_NO_PIC = NO;
				GCC_NO_COMMON_BLOCKS = YES;
				GCC_OPTIMIZATION_LEVEL = 0;
				GCC_PREPROCESSOR_DEFINITIONS = (
					"DEBUG=1",
					"$(inherited)",
				);
				GCC_WARN_64_TO_32_BIT_CONVERSION = YES;
				GCC_WARN_ABOUT_RETURN_TYPE = YES_ERROR;
				GCC_WARN_UNDECLARED_SELECTOR = YES;
				GCC_WARN_UNINITIALIZED_AUTOS = YES_AGGRESSIVE;
				GCC_WARN_UNUSED_FUNCTION = YES;
				GCC_WARN_UNUSED_VARIABLE = YES;
				IPHONEOS_DEPLOYMENT_TARGET = 14.4;
				MTL_ENABLE_DEBUG_INFO = INCLUDE_SOURCE;
				MTL_FAST_MATH = YES;
				ONLY_ACTIVE_ARCH = YES;
				SDKROOT = iphoneos;
				SWIFT_ACTIVE_COMPILATION_CONDITIONS = DEBUG;
				SWIFT_OPTIMIZATION_LEVEL = "-Onone";
			};
			name = Debug;
		};
		A27103402721DE6B0023E11A /* Release */ = {
			isa = XCBuildConfiguration;
			buildSettings = {
				ALWAYS_SEARCH_USER_PATHS = NO;
				CLANG_ANALYZER_NONNULL = YES;
				CLANG_ANALYZER_NUMBER_OBJECT_CONVERSION = YES_AGGRESSIVE;
				CLANG_CXX_LANGUAGE_STANDARD = "gnu++14";
				CLANG_CXX_LIBRARY = "libc++";
				CLANG_ENABLE_MODULES = YES;
				CLANG_ENABLE_OBJC_ARC = YES;
				CLANG_ENABLE_OBJC_WEAK = YES;
				CLANG_WARN_BLOCK_CAPTURE_AUTORELEASING = YES;
				CLANG_WARN_BOOL_CONVERSION = YES;
				CLANG_WARN_COMMA = YES;
				CLANG_WARN_CONSTANT_CONVERSION = YES;
				CLANG_WARN_DEPRECATED_OBJC_IMPLEMENTATIONS = YES;
				CLANG_WARN_DIRECT_OBJC_ISA_USAGE = YES_ERROR;
				CLANG_WARN_DOCUMENTATION_COMMENTS = YES;
				CLANG_WARN_EMPTY_BODY = YES;
				CLANG_WARN_ENUM_CONVERSION = YES;
				CLANG_WARN_INFINITE_RECURSION = YES;
				CLANG_WARN_INT_CONVERSION = YES;
				CLANG_WARN_NON_LITERAL_NULL_CONVERSION = YES;
				CLANG_WARN_OBJC_IMPLICIT_RETAIN_SELF = YES;
				CLANG_WARN_OBJC_LITERAL_CONVERSION = YES;
				CLANG_WARN_OBJC_ROOT_CLASS = YES_ERROR;
				CLANG_WARN_QUOTED_INCLUDE_IN_FRAMEWORK_HEADER = YES;
				CLANG_WARN_RANGE_LOOP_ANALYSIS = YES;
				CLANG_WARN_STRICT_PROTOTYPES = YES;
				CLANG_WARN_SUSPICIOUS_MOVE = YES;
				CLANG_WARN_UNGUARDED_AVAILABILITY = YES_AGGRESSIVE;
				CLANG_WARN_UNREACHABLE_CODE = YES;
				CLANG_WARN__DUPLICATE_METHOD_MATCH = YES;
				COPY_PHASE_STRIP = NO;
				DEBUG_INFORMATION_FORMAT = "dwarf-with-dsym";
				ENABLE_NS_ASSERTIONS = NO;
				ENABLE_STRICT_OBJC_MSGSEND = YES;
				GCC_C_LANGUAGE_STANDARD = gnu11;
				GCC_NO_COMMON_BLOCKS = YES;
				GCC_WARN_64_TO_32_BIT_CONVERSION = YES;
				GCC_WARN_ABOUT_RETURN_TYPE = YES_ERROR;
				GCC_WARN_UNDECLARED_SELECTOR = YES;
				GCC_WARN_UNINITIALIZED_AUTOS = YES_AGGRESSIVE;
				GCC_WARN_UNUSED_FUNCTION = YES;
				GCC_WARN_UNUSED_VARIABLE = YES;
				IPHONEOS_DEPLOYMENT_TARGET = 14.4;
				MTL_ENABLE_DEBUG_INFO = NO;
				MTL_FAST_MATH = YES;
				SDKROOT = iphoneos;
				SWIFT_COMPILATION_MODE = wholemodule;
				SWIFT_OPTIMIZATION_LEVEL = "-O";
				VALIDATE_PRODUCT = YES;
			};
			name = Release;
		};
		A27103422721DE6B0023E11A /* Debug */ = {
			isa = XCBuildConfiguration;
			buildSettings = {
				ASSETCATALOG_COMPILER_APPICON_NAME = AppIcon;
				ASSETCATALOG_COMPILER_GLOBAL_ACCENT_COLOR_NAME = AccentColor;
				CODE_SIGN_STYLE = Automatic;
				DEVELOPMENT_TEAM = 8U33MU82AP;
				INFOPLIST_FILE = RealmTest/Info.plist;
				LD_RUNPATH_SEARCH_PATHS = (
					"$(inherited)",
					"@executable_path/Frameworks",
				);
				PRODUCT_BUNDLE_IDENTIFIER = devsafe.RealmTest;
				PRODUCT_NAME = "$(TARGET_NAME)";
				SWIFT_VERSION = 5.0;
				TARGETED_DEVICE_FAMILY = "1,2";
			};
			name = Debug;
		};
		A27103432721DE6B0023E11A /* Release */ = {
			isa = XCBuildConfiguration;
			buildSettings = {
				ASSETCATALOG_COMPILER_APPICON_NAME = AppIcon;
				ASSETCATALOG_COMPILER_GLOBAL_ACCENT_COLOR_NAME = AccentColor;
				CODE_SIGN_STYLE = Automatic;
				DEVELOPMENT_TEAM = 8U33MU82AP;
				INFOPLIST_FILE = RealmTest/Info.plist;
				LD_RUNPATH_SEARCH_PATHS = (
					"$(inherited)",
					"@executable_path/Frameworks",
				);
				PRODUCT_BUNDLE_IDENTIFIER = devsafe.RealmTest;
				PRODUCT_NAME = "$(TARGET_NAME)";
				SWIFT_VERSION = 5.0;
				TARGETED_DEVICE_FAMILY = "1,2";
			};
			name = Release;
		};
/* End XCBuildConfiguration section */

/* Begin XCConfigurationList section */
		A27103282721DE610023E11A /* Build configuration list for PBXProject "RealmTest" */ = {
			isa = XCConfigurationList;
			buildConfigurations = (
				A271033F2721DE6B0023E11A /* Debug */,
				A27103402721DE6B0023E11A /* Release */,
			);
			defaultConfigurationIsVisible = 0;
			defaultConfigurationName = Release;
		};
		A27103412721DE6B0023E11A /* Build configuration list for PBXNativeTarget "RealmTest" */ = {
			isa = XCConfigurationList;
			buildConfigurations = (
				A27103422721DE6B0023E11A /* Debug */,
				A27103432721DE6B0023E11A /* Release */,
			);
			defaultConfigurationIsVisible = 0;
			defaultConfigurationName = Release;
		};
/* End XCConfigurationList section */

/* Begin XCRemoteSwiftPackageReference section */
		110B0D21272434DF002D703E /* XCRemoteSwiftPackageReference "realm-cocoa" */ = {
			isa = XCRemoteSwiftPackageReference;
			repositoryURL = "https://github.com/realm/realm-cocoa.git";
			requirement = {
				branch = master;
				kind = branch;
			};
		};
/* End XCRemoteSwiftPackageReference section */

/* Begin XCSwiftPackageProductDependency section */
		110B0D22272434DF002D703E /* Realm */ = {
			isa = XCSwiftPackageProductDependency;
			package = 110B0D21272434DF002D703E /* XCRemoteSwiftPackageReference "realm-cocoa" */;
			productName = Realm;
		};
		110B0D24272434DF002D703E /* RealmSwift */ = {
			isa = XCSwiftPackageProductDependency;
			package = 110B0D21272434DF002D703E /* XCRemoteSwiftPackageReference "realm-cocoa" */;
			productName = RealmSwift;
		};
/* End XCSwiftPackageProductDependency section */
	};
	rootObject = A27103252721DE610023E11A /* Project object */;
}
